// !$*UTF8*$!
{
	archiveVersion = 1;
	classes = {
	};
	objectVersion = 46;
	objects = {

/* Begin PBXBuildFile section */
		D094C3991B388977001BE7A9 /* AppDelegate.swift in Sources */ = {isa = PBXBuildFile; fileRef = D094C3981B388977001BE7A9 /* AppDelegate.swift */; };
		D094C39B1B388977001BE7A9 /* ViewController.swift in Sources */ = {isa = PBXBuildFile; fileRef = D094C39A1B388977001BE7A9 /* ViewController.swift */; };
		D094C39E1B388977001BE7A9 /* Main.storyboard in Resources */ = {isa = PBXBuildFile; fileRef = D094C39C1B388977001BE7A9 /* Main.storyboard */; };
		D094C3A01B388977001BE7A9 /* Images.xcassets in Resources */ = {isa = PBXBuildFile; fileRef = D094C39F1B388977001BE7A9 /* Images.xcassets */; };
		D094C3A31B388977001BE7A9 /* LaunchScreen.xib in Resources */ = {isa = PBXBuildFile; fileRef = D094C3A11B388977001BE7A9 /* LaunchScreen.xib */; };
		D094C3AF1B388977001BE7A9 /* CityRunningTests.swift in Sources */ = {isa = PBXBuildFile; fileRef = D094C3AE1B388977001BE7A9 /* CityRunningTests.swift */; };
		D094C3B91B389314001BE7A9 /* CoreLocation.framework in Frameworks */ = {isa = PBXBuildFile; fileRef = D094C3B81B389314001BE7A9 /* CoreLocation.framework */; };
/* End PBXBuildFile section */

/* Begin PBXContainerItemProxy section */
		D094C3A91B388977001BE7A9 /* PBXContainerItemProxy */ = {
			isa = PBXContainerItemProxy;
			containerPortal = D094C38B1B388977001BE7A9 /* Project object */;
			proxyType = 1;
			remoteGlobalIDString = D094C3921B388977001BE7A9;
			remoteInfo = CityRunning;
		};
/* End PBXContainerItemProxy section */

/* Begin PBXFileReference section */
		D094C3931B388977001BE7A9 /* CityRunning.app */ = {isa = PBXFileReference; explicitFileType = wrapper.application; includeInIndex = 0; path = CityRunning.app; sourceTree = BUILT_PRODUCTS_DIR; };
		D094C3971B388977001BE7A9 /* Info.plist */ = {isa = PBXFileReference; lastKnownFileType = text.plist.xml; path = Info.plist; sourceTree = "<group>"; };
		D094C3981B388977001BE7A9 /* AppDelegate.swift */ = {isa = PBXFileReference; lastKnownFileType = sourcecode.swift; path = AppDelegate.swift; sourceTree = "<group>"; };
		D094C39A1B388977001BE7A9 /* ViewController.swift */ = {isa = PBXFileReference; lastKnownFileType = sourcecode.swift; path = ViewController.swift; sourceTree = "<group>"; };
		D094C39D1B388977001BE7A9 /* Base */ = {isa = PBXFileReference; lastKnownFileType = file.storyboard; name = Base; path = Base.lproj/Main.storyboard; sourceTree = "<group>"; };
		D094C39F1B388977001BE7A9 /* Images.xcassets */ = {isa = PBXFileReference; lastKnownFileType = folder.assetcatalog; path = Images.xcassets; sourceTree = "<group>"; };
		D094C3A21B388977001BE7A9 /* Base */ = {isa = PBXFileReference; lastKnownFileType = file.xib; name = Base; path = Base.lproj/LaunchScreen.xib; sourceTree = "<group>"; };
		D094C3A81B388977001BE7A9 /* CityRunningTests.xctest */ = {isa = PBXFileReference; explicitFileType = wrapper.cfbundle; includeInIndex = 0; path = CityRunningTests.xctest; sourceTree = BUILT_PRODUCTS_DIR; };
		D094C3AD1B388977001BE7A9 /* Info.plist */ = {isa = PBXFileReference; lastKnownFileType = text.plist.xml; path = Info.plist; sourceTree = "<group>"; };
		D094C3AE1B388977001BE7A9 /* CityRunningTests.swift */ = {isa = PBXFileReference; lastKnownFileType = sourcecode.swift; path = CityRunningTests.swift; sourceTree = "<group>"; };
		D094C3B81B389314001BE7A9 /* CoreLocation.framework */ = {isa = PBXFileReference; lastKnownFileType = wrapper.framework; name = CoreLocation.framework; path = System/Library/Frameworks/CoreLocation.framework; sourceTree = SDKROOT; };
/* End PBXFileReference section */

/* Begin PBXFrameworksBuildPhase section */
		D094C3901B388977001BE7A9 /* Frameworks */ = {
			isa = PBXFrameworksBuildPhase;
			buildActionMask = 2147483647;
			files = (
				D094C3B91B389314001BE7A9 /* CoreLocation.framework in Frameworks */,
			);
			runOnlyForDeploymentPostprocessing = 0;
		};
		D094C3A51B388977001BE7A9 /* Frameworks */ = {
			isa = PBXFrameworksBuildPhase;
			buildActionMask = 2147483647;
			files = (
			);
			runOnlyForDeploymentPostprocessing = 0;
		};
/* End PBXFrameworksBuildPhase section */

/* Begin PBXGroup section */
		D094C38A1B388977001BE7A9 = {
			isa = PBXGroup;
			children = (
				D094C3B81B389314001BE7A9 /* CoreLocation.framework */,
				D094C3951B388977001BE7A9 /* CityRunning */,
				D094C3AB1B388977001BE7A9 /* CityRunningTests */,
				D094C3941B388977001BE7A9 /* Products */,
			);
			sourceTree = "<group>";
		};
		D094C3941B388977001BE7A9 /* Products */ = {
			isa = PBXGroup;
			children = (
				D094C3931B388977001BE7A9 /* CityRunning.app */,
				D094C3A81B388977001BE7A9 /* CityRunningTests.xctest */,
			);
			name = Products;
			sourceTree = "<group>";
		};
		D094C3951B388977001BE7A9 /* CityRunning */ = {
			isa = PBXGroup;
			children = (
				D094C3981B388977001BE7A9 /* AppDelegate.swift */,
				D094C39A1B388977001BE7A9 /* ViewController.swift */,
				D094C39C1B388977001BE7A9 /* Main.storyboard */,
				D094C39F1B388977001BE7A9 /* Images.xcassets */,
				D094C3A11B388977001BE7A9 /* LaunchScreen.xib */,
				D094C3961B388977001BE7A9 /* Supporting Files */,
			);
			path = CityRunning;
			sourceTree = "<group>";
		};
		D094C3961B388977001BE7A9 /* Supporting Files */ = {
			isa = PBXGroup;
			children = (
				D094C3971B388977001BE7A9 /* Info.plist */,
			);
			name = "Supporting Files";
			sourceTree = "<group>";
		};
		D094C3AB1B388977001BE7A9 /* CityRunningTests */ = {
			isa = PBXGroup;
			children = (
				D094C3AE1B388977001BE7A9 /* CityRunningTests.swift */,
				D094C3AC1B388977001BE7A9 /* Supporting Files */,
			);
			path = CityRunningTests;
			sourceTree = "<group>";
		};
		D094C3AC1B388977001BE7A9 /* Supporting Files */ = {
			isa = PBXGroup;
			children = (
				D094C3AD1B388977001BE7A9 /* Info.plist */,
			);
			name = "Supporting Files";
			sourceTree = "<group>";
		};
/* End PBXGroup section */

/* Begin PBXNativeTarget section */
		D094C3921B388977001BE7A9 /* CityRunning */ = {
			isa = PBXNativeTarget;
			buildConfigurationList = D094C3B21B388977001BE7A9 /* Build configuration list for PBXNativeTarget "CityRunning" */;
			buildPhases = (
				D094C38F1B388977001BE7A9 /* Sources */,
				D094C3901B388977001BE7A9 /* Frameworks */,
				D094C3911B388977001BE7A9 /* Resources */,
			);
			buildRules = (
			);
			dependencies = (
			);
			name = CityRunning;
			productName = CityRunning;
			productReference = D094C3931B388977001BE7A9 /* CityRunning.app */;
			productType = "com.apple.product-type.application";
		};
		D094C3A71B388977001BE7A9 /* CityRunningTests */ = {
			isa = PBXNativeTarget;
			buildConfigurationList = D094C3B51B388977001BE7A9 /* Build configuration list for PBXNativeTarget "CityRunningTests" */;
			buildPhases = (
				D094C3A41B388977001BE7A9 /* Sources */,
				D094C3A51B388977001BE7A9 /* Frameworks */,
				D094C3A61B388977001BE7A9 /* Resources */,
			);
			buildRules = (
			);
			dependencies = (
				D094C3AA1B388977001BE7A9 /* PBXTargetDependency */,
			);
			name = CityRunningTests;
			productName = CityRunningTests;
			productReference = D094C3A81B388977001BE7A9 /* CityRunningTests.xctest */;
			productType = "com.apple.product-type.bundle.unit-test";
		};
/* End PBXNativeTarget section */

/* Begin PBXProject section */
		D094C38B1B388977001BE7A9 /* Project object */ = {
			isa = PBXProject;
			attributes = {
				LastUpgradeCheck = 0630;
				ORGANIZATIONNAME = "Yan Zhang";
				TargetAttributes = {
					D094C3921B388977001BE7A9 = {
						CreatedOnToolsVersion = 6.3.2;
					};
					D094C3A71B388977001BE7A9 = {
						CreatedOnToolsVersion = 6.3.2;
						TestTargetID = D094C3921B388977001BE7A9;
					};
				};
			};
			buildConfigurationList = D094C38E1B388977001BE7A9 /* Build configuration list for PBXProject "CityRunning" */;
			compatibilityVersion = "Xcode 3.2";
			developmentRegion = English;
			hasScannedForEncodings = 0;
			knownRegions = (
				en,
				Base,
			);
			mainGroup = D094C38A1B388977001BE7A9;
			productRefGroup = D094C3941B388977001BE7A9 /* Products */;
			projectDirPath = "";
			projectRoot = "";
			targets = (
				D094C3921B388977001BE7A9 /* CityRunning */,
				D094C3A71B388977001BE7A9 /* CityRunningTests */,
			);
		};
/* End PBXProject section */

/* Begin PBXResourcesBuildPhase section */
		D094C3911B388977001BE7A9 /* Resources */ = {
			isa = PBXResourcesBuildPhase;
			buildActionMask = 2147483647;
			files = (
				D094C39E1B388977001BE7A9 /* Main.storyboard in Resources */,
				D094C3A31B388977001BE7A9 /* LaunchScreen.xib in Resources */,
				D094C3A01B388977001BE7A9 /* Images.xcassets in Resources */,
			);
			runOnlyForDeploymentPostprocessing = 0;
		};
		D094C3A61B388977001BE7A9 /* Resources */ = {
			isa = PBXResourcesBuildPhase;
			buildActionMask = 2147483647;
			files = (
			);
			runOnlyForDeploymentPostprocessing = 0;
		};
/* End PBXResourcesBuildPhase section */

/* Begin PBXSourcesBuildPhase section */
		D094C38F1B388977001BE7A9 /* Sources */ = {
			isa = PBXSourcesBuildPhase;
			buildActionMask = 2147483647;
			files = (
				D094C39B1B388977001BE7A9 /* ViewController.swift in Sources */,
				D094C3991B388977001BE7A9 /* AppDelegate.swift in Sources */,
			);
			runOnlyForDeploymentPostprocessing = 0;
		};
		D094C3A41B388977001BE7A9 /* Sources */ = {
			isa = PBXSourcesBuildPhase;
			buildActionMask = 2147483647;
			files = (
				D094C3AF1B388977001BE7A9 /* CityRunningTests.swift in Sources */,
			);
			runOnlyForDeploymentPostprocessing = 0;
		};
/* End PBXSourcesBuildPhase section */

/* Begin PBXTargetDependency section */
		D094C3AA1B388977001BE7A9 /* PBXTargetDependency */ = {
			isa = PBXTargetDependency;
			target = D094C3921B388977001BE7A9 /* CityRunning */;
			targetProxy = D094C3A91B388977001BE7A9 /* PBXContainerItemProxy */;
		};
/* End PBXTargetDependency section */

/* Begin PBXVariantGroup section */
		D094C39C1B388977001BE7A9 /* Main.storyboard */ = {
			isa = PBXVariantGroup;
			children = (
				D094C39D1B388977001BE7A9 /* Base */,
			);
			name = Main.storyboard;
			sourceTree = "<group>";
		};
		D094C3A11B388977001BE7A9 /* LaunchScreen.xib */ = {
			isa = PBXVariantGroup;
			children = (
				D094C3A21B388977001BE7A9 /* Base */,
			);
			name = LaunchScreen.xib;
			sourceTree = "<group>";
		};
/* End PBXVariantGroup section */

/* Begin XCBuildConfiguration section */
		D094C3B01B388977001BE7A9 /* Debug */ = {
			isa = XCBuildConfiguration;
			buildSettings = {
				ALWAYS_SEARCH_USER_PATHS = NO;
				CLANG_CXX_LANGUAGE_STANDARD = "gnu++0x";
				CLANG_CXX_LIBRARY = "libc++";
				CLANG_ENABLE_MODULES = YES;
				CLANG_ENABLE_OBJC_ARC = YES;
				CLANG_WARN_BOOL_CONVERSION = YES;
				CLANG_WARN_CONSTANT_CONVERSION = YES;
				CLANG_WARN_DIRECT_OBJC_ISA_USAGE = YES_ERROR;
				CLANG_WARN_EMPTY_BODY = YES;
				CLANG_WARN_ENUM_CONVERSION = YES;
				CLANG_WARN_INT_CONVERSION = YES;
				CLANG_WARN_OBJC_ROOT_CLASS = YES_ERROR;
				CLANG_WARN_UNREACHABLE_CODE = YES;
				CLANG_WARN__DUPLICATE_METHOD_MATCH = YES;
				"CODE_SIGN_IDENTITY[sdk=iphoneos*]" = "iPhone Developer";
				COPY_PHASE_STRIP = NO;
				DEBUG_INFORMATION_FORMAT = "dwarf-with-dsym";
				ENABLE_STRICT_OBJC_MSGSEND = YES;
				GCC_C_LANGUAGE_STANDARD = gnu99;
				GCC_DYNAMIC_NO_PIC = NO;
				GCC_NO_COMMON_BLOCKS = YES;
				GCC_OPTIMIZATION_LEVEL = 0;
				GCC_PREPROCESSOR_DEFINITIONS = (
					"DEBUG=1",
					"$(inherited)",
				);
				GCC_SYMBOLS_PRIVATE_EXTERN = NO;
				GCC_WARN_64_TO_32_BIT_CONVERSION = YES;
				GCC_WARN_ABOUT_RETURN_TYPE = YES_ERROR;
				GCC_WARN_UNDECLARED_SELECTOR = YES;
				GCC_WARN_UNINITIALIZED_AUTOS = YES_AGGRESSIVE;
				GCC_WARN_UNUSED_FUNCTION = YES;
				GCC_WARN_UNUSED_VARIABLE = YES;
				IPHONEOS_DEPLOYMENT_TARGET = 8.3;
				MTL_ENABLE_DEBUG_INFO = YES;
				ONLY_ACTIVE_ARCH = YES;
				SDKROOT = iphoneos;
				SWIFT_OPTIMIZATION_LEVEL = "-Onone";
				TARGETED_DEVICE_FAMILY = "1,2";
			};
			name = Debug;
		};
		D094C3B11B388977001BE7A9 /* Release */ = {
			isa = XCBuildConfiguration;
			buildSettings = {
				ALWAYS_SEARCH_USER_PATHS = NO;
				CLANG_CXX_LANGUAGE_STANDARD = "gnu++0x";
				CLANG_CXX_LIBRARY = "libc++";
				CLANG_ENABLE_MODULES = YES;
				CLANG_ENABLE_OBJC_ARC = YES;
				CLANG_WARN_BOOL_CONVERSION = YES;
				CLANG_WARN_CONSTANT_CONVERSION = YES;
				CLANG_WARN_DIRECT_OBJC_ISA_USAGE = YES_ERROR;
				CLANG_WARN_EMPTY_BODY = YES;
				CLANG_WARN_ENUM_CONVERSION = YES;
				CLANG_WARN_INT_CONVERSION = YES;
				CLANG_WARN_OBJC_ROOT_CLASS = YES_ERROR;
				CLANG_WARN_UNREACHABLE_CODE = YES;
				CLANG_WARN__DUPLICATE_METHOD_MATCH = YES;
				"CODE_SIGN_IDENTITY[sdk=iphoneos*]" = "iPhone Developer";
				COPY_PHASE_STRIP = NO;
				DEBUG_INFORMATION_FORMAT = "dwarf-with-dsym";
				ENABLE_NS_ASSERTIONS = NO;
				ENABLE_STRICT_OBJC_MSGSEND = YES;
				GCC_C_LANGUAGE_STANDARD = gnu99;
				GCC_NO_COMMON_BLOCKS = YES;
				GCC_WARN_64_TO_32_BIT_CONVERSION = YES;
				GCC_WARN_ABOUT_RETURN_TYPE = YES_ERROR;
				GCC_WARN_UNDECLARED_SELECTOR = YES;
				GCC_WARN_UNINITIALIZED_AUTOS = YES_AGGRESSIVE;
				GCC_WARN_UNUSED_FUNCTION = YES;
				GCC_WARN_UNUSED_VARIABLE = YES;
				IPHONEOS_DEPLOYMENT_TARGET = 8.3;
				MTL_ENABLE_DEBUG_INFO = NO;
				SDKROOT = iphoneos;
				TARGETED_DEVICE_FAMILY = "1,2";
				VALIDATE_PRODUCT = YES;
			};
			name = Release;
		};
		D094C3B31B388977001BE7A9 /* Debug */ = {
			isa = XCBuildConfiguration;
			buildSettings = {
				ASSETCATALOG_COMPILER_APPICON_NAME = AppIcon;
				INFOPLIST_FILE = CityRunning/Info.plist;
				LD_RUNPATH_SEARCH_PATHS = "$(inherited) @executable_path/Frameworks";
				PRODUCT_NAME = "$(TARGET_NAME)";
			};
			name = Debug;
		};
		D094C3B41B388977001BE7A9 /* Release */ = {
			isa = XCBuildConfiguration;
			buildSettings = {
				ASSETCATALOG_COMPILER_APPICON_NAME = AppIcon;
				INFOPLIST_FILE = CityRunning/Info.plist;
				LD_RUNPATH_SEARCH_PATHS = "$(inherited) @executable_path/Frameworks";
				PRODUCT_NAME = "$(TARGET_NAME)";
			};
			name = Release;
		};
		D094C3B61B388977001BE7A9 /* Debug */ = {
			isa = XCBuildConfiguration;
			buildSettings = {
				BUNDLE_LOADER = "$(TEST_HOST)";
				FRAMEWORK_SEARCH_PATHS = (
					"$(SDKROOT)/Developer/Library/Frameworks",
					"$(inherited)",
				);
				GCC_PREPROCESSOR_DEFINITIONS = (
					"DEBUG=1",
					"$(inherited)",
				);
				INFOPLIST_FILE = CityRunningTests/Info.plist;
				LD_RUNPATH_SEARCH_PATHS = "$(inherited) @executable_path/Frameworks @loader_path/Frameworks";
				PRODUCT_NAME = "$(TARGET_NAME)";
				TEST_HOST = "$(BUILT_PRODUCTS_DIR)/CityRunning.app/CityRunning";
			};
			name = Debug;
		};
		D094C3B71B388977001BE7A9 /* Release */ = {
			isa = XCBuildConfiguration;
			buildSettings = {
				BUNDLE_LOADER = "$(TEST_HOST)";
				FRAMEWORK_SEARCH_PATHS = (
					"$(SDKROOT)/Developer/Library/Frameworks",
					"$(inherited)",
				);
				INFOPLIST_FILE = CityRunningTests/Info.plist;
				LD_RUNPATH_SEARCH_PATHS = "$(inherited) @executable_path/Frameworks @loader_path/Frameworks";
				PRODUCT_NAME = "$(TARGET_NAME)";
				TEST_HOST = "$(BUILT_PRODUCTS_DIR)/CityRunning.app/CityRunning";
			};
			name = Release;
		};
/* End XCBuildConfiguration section */

/* Begin XCConfigurationList section */
		D094C38E1B388977001BE7A9 /* Build configuration list for PBXProject "CityRunning" */ = {
			isa = XCConfigurationList;
			buildConfigurations = (
				D094C3B01B388977001BE7A9 /* Debug */,
				D094C3B11B388977001BE7A9 /* Release */,
			);
			defaultConfigurationIsVisible = 0;
			defaultConfigurationName = Release;
		};
		D094C3B21B388977001BE7A9 /* Build configuration list for PBXNativeTarget "CityRunning" */ = {
			isa = XCConfigurationList;
			buildConfigurations = (
				D094C3B31B388977001BE7A9 /* Debug */,
				D094C3B41B388977001BE7A9 /* Release */,
			);
			defaultConfigurationIsVisible = 0;
			defaultConfigurationName = Release;
		};
		D094C3B51B388977001BE7A9 /* Build configuration list for PBXNativeTarget "CityRunningTests" */ = {
			isa = XCConfigurationList;
			buildConfigurations = (
				D094C3B61B388977001BE7A9 /* Debug */,
				D094C3B71B388977001BE7A9 /* Release */,
			);
			defaultConfigurationIsVisible = 0;
			defaultConfigurationName = Release;
		};
/* End XCConfigurationList section */
	};
	rootObject = D094C38B1B388977001BE7A9 /* Project object */;
}
